// !$*UTF8*$!
{
	archiveVersion = 1;
	classes = {
	};
	objectVersion = 50;
	objects = {

/* Begin PBXBuildFile section */
		D289151B21E6DD2F00DCFB92 /* WebKit.framework in Frameworks */ = {isa = PBXBuildFile; fileRef = D289151A21E6DD2F00DCFB92 /* WebKit.framework */; };
		D2A7EA3D24081BB50052A036 /* SearchWKWebView.swift in Sources */ = {isa = PBXBuildFile; fileRef = D2A7EA3C24081BB50052A036 /* SearchWKWebView.swift */; };
		D2A7EA4024081BD20052A036 /* ViewController.swift in Sources */ = {isa = PBXBuildFile; fileRef = D2A7EA3E24081BD10052A036 /* ViewController.swift */; };
		D2A7EA4124081BD20052A036 /* AppDelegate.swift in Sources */ = {isa = PBXBuildFile; fileRef = D2A7EA3F24081BD20052A036 /* AppDelegate.swift */; };
		D2A7EA4324081C0E0052A036 /* SearchWebView.js in Resources */ = {isa = PBXBuildFile; fileRef = D2A7EA4224081C0E0052A036 /* SearchWebView.js */; };
		D2A7EA4824081C590052A036 /* Main.storyboard in Resources */ = {isa = PBXBuildFile; fileRef = D2A7EA4424081C590052A036 /* Main.storyboard */; };
		D2A7EA4924081C590052A036 /* LaunchScreen.storyboard in Resources */ = {isa = PBXBuildFile; fileRef = D2A7EA4624081C590052A036 /* LaunchScreen.storyboard */; };
		D2A7EA4D24081F280052A036 /* Assets.xcassets in Resources */ = {isa = PBXBuildFile; fileRef = D2A7EA4C24081F280052A036 /* Assets.xcassets */; };
/* End PBXBuildFile section */

/* Begin PBXFileReference section */
		4A619D0521E668AE006350F9 /* SearchWKWebView.app */ = {isa = PBXFileReference; explicitFileType = wrapper.application; includeInIndex = 0; path = SearchWKWebView.app; sourceTree = BUILT_PRODUCTS_DIR; };
		4A619D1721E668B2006350F9 /* Info.plist */ = {isa = PBXFileReference; lastKnownFileType = text.plist.xml; path = Info.plist; sourceTree = "<group>"; };
		D289151A21E6DD2F00DCFB92 /* WebKit.framework */ = {isa = PBXFileReference; lastKnownFileType = wrapper.framework; name = WebKit.framework; path = System/Library/Frameworks/WebKit.framework; sourceTree = SDKROOT; };
		D2A7EA3C24081BB50052A036 /* SearchWKWebView.swift */ = {isa = PBXFileReference; fileEncoding = 4; lastKnownFileType = sourcecode.swift; name = SearchWKWebView.swift; path = "WKWebView Extention/SearchWKWebView.swift"; sourceTree = SOURCE_ROOT; };
		D2A7EA3E24081BD10052A036 /* ViewController.swift */ = {isa = PBXFileReference; fileEncoding = 4; lastKnownFileType = sourcecode.swift; path = ViewController.swift; sourceTree = SOURCE_ROOT; };
		D2A7EA3F24081BD20052A036 /* AppDelegate.swift */ = {isa = PBXFileReference; fileEncoding = 4; lastKnownFileType = sourcecode.swift; path = AppDelegate.swift; sourceTree = SOURCE_ROOT; };
		D2A7EA4224081C0E0052A036 /* SearchWebView.js */ = {isa = PBXFileReference; fileEncoding = 4; lastKnownFileType = sourcecode.javascript; name = SearchWebView.js; path = "WKWebView Extention/SearchWebView.js"; sourceTree = SOURCE_ROOT; };
		D2A7EA4524081C590052A036 /* Base */ = {isa = PBXFileReference; lastKnownFileType = file.storyboard; name = Base; path = Base.lproj/Main.storyboard; sourceTree = SOURCE_ROOT; };
		D2A7EA4724081C590052A036 /* Base */ = {isa = PBXFileReference; lastKnownFileType = file.storyboard; name = Base; path = Base.lproj/LaunchScreen.storyboard; sourceTree = SOURCE_ROOT; };
		D2A7EA4C24081F280052A036 /* Assets.xcassets */ = {isa = PBXFileReference; lastKnownFileType = folder.assetcatalog; path = Assets.xcassets; sourceTree = "<group>"; };
/* End PBXFileReference section */

/* Begin PBXFrameworksBuildPhase section */
		4A619D0221E668AE006350F9 /* Frameworks */ = {
			isa = PBXFrameworksBuildPhase;
			buildActionMask = 2147483647;
			files = (
				D289151B21E6DD2F00DCFB92 /* WebKit.framework in Frameworks */,
			);
			runOnlyForDeploymentPostprocessing = 0;
		};
/* End PBXFrameworksBuildPhase section */

/* Begin PBXGroup section */
		4A619CFC21E668AE006350F9 = {
			isa = PBXGroup;
			children = (
				D2A7EA4C24081F280052A036 /* Assets.xcassets */,
				4A619D0721E668AE006350F9 /* SearchWKWebView */,
				4A619D0621E668AE006350F9 /* Products */,
				D289151921E6DD2E00DCFB92 /* Frameworks */,
			);
			sourceTree = "<group>";
		};
		4A619D0621E668AE006350F9 /* Products */ = {
			isa = PBXGroup;
			children = (
				4A619D0521E668AE006350F9 /* SearchWKWebView.app */,
			);
			name = Products;
			sourceTree = "<group>";
		};
		4A619D0721E668AE006350F9 /* SearchWKWebView */ = {
			isa = PBXGroup;
			children = (
				D2A7EA4624081C590052A036 /* LaunchScreen.storyboard */,
				D2A7EA4424081C590052A036 /* Main.storyboard */,
				D2A7EA3F24081BD20052A036 /* AppDelegate.swift */,
				D2A7EA3E24081BD10052A036 /* ViewController.swift */,
				D289151E21E6E38D00DCFB92 /* WKWebView Extention */,
				4A619D1721E668B2006350F9 /* Info.plist */,
			);
			path = SearchWKWebView;
			sourceTree = "<group>";
		};
		D289151921E6DD2E00DCFB92 /* Frameworks */ = {
			isa = PBXGroup;
			children = (
				D289151A21E6DD2F00DCFB92 /* WebKit.framework */,
			);
			name = Frameworks;
			sourceTree = "<group>";
		};
		D289151E21E6E38D00DCFB92 /* WKWebView Extention */ = {
			isa = PBXGroup;
			children = (
				D2A7EA4224081C0E0052A036 /* SearchWebView.js */,
				D2A7EA3C24081BB50052A036 /* SearchWKWebView.swift */,
			);
			path = "WKWebView Extention";
			sourceTree = "<group>";
		};
/* End PBXGroup section */

/* Begin PBXNativeTarget section */
		4A619D0421E668AE006350F9 /* SearchWKWebView */ = {
			isa = PBXNativeTarget;
			buildConfigurationList = 4A619D1A21E668B2006350F9 /* Build configuration list for PBXNativeTarget "SearchWKWebView" */;
			buildPhases = (
				4A619D0121E668AE006350F9 /* Sources */,
				4A619D0221E668AE006350F9 /* Frameworks */,
				4A619D0321E668AE006350F9 /* Resources */,
			);
			buildRules = (
			);
			dependencies = (
			);
			name = SearchWKWebView;
			productName = SearchWKWebView;
			productReference = 4A619D0521E668AE006350F9 /* SearchWKWebView.app */;
			productType = "com.apple.product-type.application";
		};
/* End PBXNativeTarget section */

/* Begin PBXProject section */
		4A619CFD21E668AE006350F9 /* Project object */ = {
			isa = PBXProject;
			attributes = {
				LastSwiftUpdateCheck = 1000;
				LastUpgradeCheck = 1000;
				ORGANIZATIONNAME = allscripts;
				TargetAttributes = {
					4A619D0421E668AE006350F9 = {
						CreatedOnToolsVersion = 10.0;
						LastSwiftMigration = 1130;
					};
				};
			};
			buildConfigurationList = 4A619D0021E668AE006350F9 /* Build configuration list for PBXProject "SearchWKWebView" */;
			compatibilityVersion = "Xcode 9.3";
			developmentRegion = en;
			hasScannedForEncodings = 0;
			knownRegions = (
				en,
				Base,
			);
			mainGroup = 4A619CFC21E668AE006350F9;
			productRefGroup = 4A619D0621E668AE006350F9 /* Products */;
			projectDirPath = "";
			projectRoot = "";
			targets = (
				4A619D0421E668AE006350F9 /* SearchWKWebView */,
			);
		};
/* End PBXProject section */

/* Begin PBXResourcesBuildPhase section */
		4A619D0321E668AE006350F9 /* Resources */ = {
			isa = PBXResourcesBuildPhase;
			buildActionMask = 2147483647;
			files = (
				D2A7EA4824081C590052A036 /* Main.storyboard in Resources */,
				D2A7EA4924081C590052A036 /* LaunchScreen.storyboard in Resources */,
				D2A7EA4D24081F280052A036 /* Assets.xcassets in Resources */,
				D2A7EA4324081C0E0052A036 /* SearchWebView.js in Resources */,
			);
			runOnlyForDeploymentPostprocessing = 0;
		};
/* End PBXResourcesBuildPhase section */

/* Begin PBXSourcesBuildPhase section */
		4A619D0121E668AE006350F9 /* Sources */ = {
			isa = PBXSourcesBuildPhase;
			buildActionMask = 2147483647;
			files = (
				D2A7EA4124081BD20052A036 /* AppDelegate.swift in Sources */,
				D2A7EA4024081BD20052A036 /* ViewController.swift in Sources */,
				D2A7EA3D24081BB50052A036 /* SearchWKWebView.swift in Sources */,
			);
			runOnlyForDeploymentPostprocessing = 0;
		};
/* End PBXSourcesBuildPhase section */

/* Begin PBXVariantGroup section */
		D2A7EA4424081C590052A036 /* Main.storyboard */ = {
			isa = PBXVariantGroup;
			children = (
				D2A7EA4524081C590052A036 /* Base */,
			);
			name = Main.storyboard;
			sourceTree = "<group>";
		};
		D2A7EA4624081C590052A036 /* LaunchScreen.storyboard */ = {
			isa = PBXVariantGroup;
			children = (
				D2A7EA4724081C590052A036 /* Base */,
			);
			name = LaunchScreen.storyboard;
			sourceTree = "<group>";
		};
/* End PBXVariantGroup section */

/* Begin XCBuildConfiguration section */
		4A619D1821E668B2006350F9 /* Debug */ = {
			isa = XCBuildConfiguration;
			buildSettings = {
				ALWAYS_SEARCH_USER_PATHS = NO;
				CLANG_ANALYZER_NONNULL = YES;
				CLANG_ANALYZER_NUMBER_OBJECT_CONVERSION = YES_AGGRESSIVE;
				CLANG_CXX_LANGUAGE_STANDARD = "gnu++14";
				CLANG_CXX_LIBRARY = "libc++";
				CLANG_ENABLE_MODULES = YES;
				CLANG_ENABLE_OBJC_ARC = YES;
				CLANG_ENABLE_OBJC_WEAK = YES;
				CLANG_WARN_BLOCK_CAPTURE_AUTORELEASING = YES;
				CLANG_WARN_BOOL_CONVERSION = YES;
				CLANG_WARN_COMMA = YES;
				CLANG_WARN_CONSTANT_CONVERSION = YES;
				CLANG_WARN_DEPRECATED_OBJC_IMPLEMENTATIONS = YES;
				CLANG_WARN_DIRECT_OBJC_ISA_USAGE = YES_ERROR;
				CLANG_WARN_DOCUMENTATION_COMMENTS = YES;
				CLANG_WARN_EMPTY_BODY = YES;
				CLANG_WARN_ENUM_CONVERSION = YES;
				CLANG_WARN_INFINITE_RECURSION = YES;
				CLANG_WARN_INT_CONVERSION = YES;
				CLANG_WARN_NON_LITERAL_NULL_CONVERSION = YES;
				CLANG_WARN_OBJC_IMPLICIT_RETAIN_SELF = YES;
				CLANG_WARN_OBJC_LITERAL_CONVERSION = YES;
				CLANG_WARN_OBJC_ROOT_CLASS = YES_ERROR;
				CLANG_WARN_RANGE_LOOP_ANALYSIS = YES;
				CLANG_WARN_STRICT_PROTOTYPES = YES;
				CLANG_WARN_SUSPICIOUS_MOVE = YES;
				CLANG_WARN_UNGUARDED_AVAILABILITY = YES_AGGRESSIVE;
				CLANG_WARN_UNREACHABLE_CODE = YES;
				CLANG_WARN__DUPLICATE_METHOD_MATCH = YES;
				CODE_SIGN_IDENTITY = "iPhone Developer";
				COPY_PHASE_STRIP = NO;
				DEBUG_INFORMATION_FORMAT = dwarf;
				ENABLE_STRICT_OBJC_MSGSEND = YES;
				ENABLE_TESTABILITY = YES;
				GCC_C_LANGUAGE_STANDARD = gnu11;
				GCC_DYNAMIC_NO_PIC = NO;
				GCC_NO_COMMON_BLOCKS = YES;
				GCC_OPTIMIZATION_LEVEL = 0;
				GCC_PREPROCESSOR_DEFINITIONS = (
					"DEBUG=1",
					"$(inherited)",
				);
				GCC_WARN_64_TO_32_BIT_CONVERSION = YES;
				GCC_WARN_ABOUT_RETURN_TYPE = YES_ERROR;
				GCC_WARN_UNDECLARED_SELECTOR = YES;
				GCC_WARN_UNINITIALIZED_AUTOS = YES_AGGRESSIVE;
				GCC_WARN_UNUSED_FUNCTION = YES;
				GCC_WARN_UNUSED_VARIABLE = YES;
				IPHONEOS_DEPLOYMENT_TARGET = 12.0;
				MTL_ENABLE_DEBUG_INFO = INCLUDE_SOURCE;
				MTL_FAST_MATH = YES;
				ONLY_ACTIVE_ARCH = YES;
				SDKROOT = iphoneos;
				SWIFT_ACTIVE_COMPILATION_CONDITIONS = DEBUG;
				SWIFT_OPTIMIZATION_LEVEL = "-Onone";
			};
			name = Debug;
		};
		4A619D1921E668B2006350F9 /* Release */ = {
			isa = XCBuildConfiguration;
			buildSettings = {
				ALWAYS_SEARCH_USER_PATHS = NO;
				CLANG_ANALYZER_NONNULL = YES;
				CLANG_ANALYZER_NUMBER_OBJECT_CONVERSION = YES_AGGRESSIVE;
				CLANG_CXX_LANGUAGE_STANDARD = "gnu++14";
				CLANG_CXX_LIBRARY = "libc++";
				CLANG_ENABLE_MODULES = YES;
				CLANG_ENABLE_OBJC_ARC = YES;
				CLANG_ENABLE_OBJC_WEAK = YES;
				CLANG_WARN_BLOCK_CAPTURE_AUTORELEASING = YES;
				CLANG_WARN_BOOL_CONVERSION = YES;
				CLANG_WARN_COMMA = YES;
				CLANG_WARN_CONSTANT_CONVERSION = YES;
				CLANG_WARN_DEPRECATED_OBJC_IMPLEMENTATIONS = YES;
				CLANG_WARN_DIRECT_OBJC_ISA_USAGE = YES_ERROR;
				CLANG_WARN_DOCUMENTATION_COMMENTS = YES;
				CLANG_WARN_EMPTY_BODY = YES;
				CLANG_WARN_ENUM_CONVERSION = YES;
				CLANG_WARN_INFINITE_RECURSION = YES;
				CLANG_WARN_INT_CONVERSION = YES;
				CLANG_WARN_NON_LITERAL_NULL_CONVERSION = YES;
				CLANG_WARN_OBJC_IMPLICIT_RETAIN_SELF = YES;
				CLANG_WARN_OBJC_LITERAL_CONVERSION = YES;
				CLANG_WARN_OBJC_ROOT_CLASS = YES_ERROR;
				CLANG_WARN_RANGE_LOOP_ANALYSIS = YES;
				CLANG_WARN_STRICT_PROTOTYPES = YES;
				CLANG_WARN_SUSPICIOUS_MOVE = YES;
				CLANG_WARN_UNGUARDED_AVAILABILITY = YES_AGGRESSIVE;
				CLANG_WARN_UNREACHABLE_CODE = YES;
				CLANG_WARN__DUPLICATE_METHOD_MATCH = YES;
				CODE_SIGN_IDENTITY = "iPhone Developer";
				COPY_PHASE_STRIP = NO;
				DEBUG_INFORMATION_FORMAT = "dwarf-with-dsym";
				ENABLE_NS_ASSERTIONS = NO;
				ENABLE_STRICT_OBJC_MSGSEND = YES;
				GCC_C_LANGUAGE_STANDARD = gnu11;
				GCC_NO_COMMON_BLOCKS = YES;
				GCC_WARN_64_TO_32_BIT_CONVERSION = YES;
				GCC_WARN_ABOUT_RETURN_TYPE = YES_ERROR;
				GCC_WARN_UNDECLARED_SELECTOR = YES;
				GCC_WARN_UNINITIALIZED_AUTOS = YES_AGGRESSIVE;
				GCC_WARN_UNUSED_FUNCTION = YES;
				GCC_WARN_UNUSED_VARIABLE = YES;
				IPHONEOS_DEPLOYMENT_TARGET = 12.0;
				MTL_ENABLE_DEBUG_INFO = NO;
				MTL_FAST_MATH = YES;
				SDKROOT = iphoneos;
				SWIFT_COMPILATION_MODE = wholemodule;
				SWIFT_OPTIMIZATION_LEVEL = "-O";
				VALIDATE_PRODUCT = YES;
			};
			name = Release;
		};
		4A619D1B21E668B2006350F9 /* Debug */ = {
			isa = XCBuildConfiguration;
			buildSettings = {
				ASSETCATALOG_COMPILER_APPICON_NAME = AppIcon;
				CLANG_ENABLE_MODULES = YES;
				CODE_SIGN_STYLE = Automatic;
				DEVELOPMENT_TEAM = "";
				INFOPLIST_FILE = "$(SRCROOT)/Info.plist";
				IPHONEOS_DEPLOYMENT_TARGET = 12.1;
				LD_RUNPATH_SEARCH_PATHS = (
					"$(inherited)",
					"@executable_path/Frameworks",
				);
				PRODUCT_BUNDLE_IDENTIFIER = com.anycompany.SearchWKWebView;
				PRODUCT_NAME = "$(TARGET_NAME)";
				SWIFT_OPTIMIZATION_LEVEL = "-Onone";
				SWIFT_VERSION = 4.2;
				TARGETED_DEVICE_FAMILY = "1,2";
			};
			name = Debug;
		};
		4A619D1C21E668B2006350F9 /* Release */ = {
			isa = XCBuildConfiguration;
			buildSettings = {
				ASSETCATALOG_COMPILER_APPICON_NAME = AppIcon;
				CLANG_ENABLE_MODULES = YES;
				CODE_SIGN_STYLE = Automatic;
				DEVELOPMENT_TEAM = "";
				INFOPLIST_FILE = "$(SRCROOT)/Info.plist";
				IPHONEOS_DEPLOYMENT_TARGET = 12.1;
				LD_RUNPATH_SEARCH_PATHS = (
					"$(inherited)",
					"@executable_path/Frameworks",
				);
				PRODUCT_BUNDLE_IDENTIFIER = com.anycompany.SearchWKWebView;
				PRODUCT_NAME = "$(TARGET_NAME)";
				SWIFT_VERSION = 4.2;
				TARGETED_DEVICE_FAMILY = "1,2";
			};
			name = Release;
		};
/* End XCBuildConfiguration section */

/* Begin XCConfigurationList section */
		4A619D0021E668AE006350F9 /* Build configuration list for PBXProject "SearchWKWebView" */ = {
			isa = XCConfigurationList;
			buildConfigurations = (
				4A619D1821E668B2006350F9 /* Debug */,
				4A619D1921E668B2006350F9 /* Release */,
			);
			defaultConfigurationIsVisible = 0;
			defaultConfigurationName = Release;
		};
		4A619D1A21E668B2006350F9 /* Build configuration list for PBXNativeTarget "SearchWKWebView" */ = {
			isa = XCConfigurationList;
			buildConfigurations = (
				4A619D1B21E668B2006350F9 /* Debug */,
				4A619D1C21E668B2006350F9 /* Release */,
			);
			defaultConfigurationIsVisible = 0;
			defaultConfigurationName = Release;
		};
/* End XCConfigurationList section */
	};
	rootObject = 4A619CFD21E668AE006350F9 /* Project object */;
}
